
Microsoft Visual Studio Solution File, Format Version 12.00
# Visual Studio Version 17
VisualStudioVersion = 17.14.36518.9 d17.14
MinimumVisualStudioVersion = 10.0.40219.1
Project("{FAE04EC0-301F-11D3-BF4B-00C04F79EFBC}") = "BitStream", "BitStream.csproj", "{83785548-0B9A-43A6-8A9A-54F5ADAB58C8}"
EndProject
Global
	GlobalSection(SolutionConfigurationPlatforms) = preSolution
		Debug|Any CPU = Debug|Any CPU
		Release|Any CPU = Release|Any CPU
	EndGlobalSection
	GlobalSection(ProjectConfigurationPlatforms) = postSolution
		{83785548-0B9A-43A6-8A9A-54F5ADAB58C8}.Debug|Any CPU.ActiveCfg = Debug|Any CPU
		{83785548-0B9A-43A6-8A9A-54F5ADAB58C8}.Debug|Any CPU.Build.0 = Debug|Any CPU
		{83785548-0B9A-43A6-8A9A-54F5ADAB58C8}.Release|Any CPU.ActiveCfg = Release|Any CPU
		{83785548-0B9A-43A6-8A9A-54F5ADAB58C8}.Release|Any CPU.Build.0 = Release|Any CPU
	EndGlobalSection
	GlobalSection(SolutionProperties) = preSolution
		HideSolutionNode = FALSE
	EndGlobalSection
	GlobalSection(ExtensibilityGlobals) = postSolution
		SolutionGuid = {E496EA95-CEF5-4C2D-8765-48C9CDE73863}
	EndGlobalSection
EndGlobal
